
Microsoft Visual Studio Solution File, Format Version 12.00
# Visual Studio Version 17
VisualStudioVersion = 17.11.35312.102
MinimumVisualStudioVersion = 10.0.40219.1
Project("{9A19103F-16F7-4668-BE54-9A1E7A4F7556}") = "Warehouse.Domain", "Warehouse.Domain\Warehouse.Domain.csproj", "{CF094FA2-0E98-4638-8378-8B51D28C7CF4}"
EndProject
Project("{9A19103F-16F7-4668-BE54-9A1E7A4F7556}") = "Warehouse", "WarehouseAPI\Warehouse.csproj", "{934CADEC-BD75-4435-89F2-51C3F5900507}"
EndProject
Global
	GlobalSection(SolutionConfigurationPlatforms) = preSolution
		Debug|Any CPU = Debug|Any CPU
		Release|Any CPU = Release|Any CPU
	EndGlobalSection
	GlobalSection(ProjectConfigurationPlatforms) = postSolution
		{CF094FA2-0E98-4638-8378-8B51D28C7CF4}.Debug|Any CPU.ActiveCfg = Debug|Any CPU
		{CF094FA2-0E98-4638-8378-8B51D28C7CF4}.Debug|Any CPU.Build.0 = Debug|Any CPU
		{CF094FA2-0E98-4638-8378-8B51D28C7CF4}.Release|Any CPU.ActiveCfg = Release|Any CPU
		{CF094FA2-0E98-4638-8378-8B51D28C7CF4}.Release|Any CPU.Build.0 = Release|Any CPU
		{934CADEC-BD75-4435-89F2-51C3F5900507}.Debug|Any CPU.ActiveCfg = Debug|Any CPU
		{934CADEC-BD75-4435-89F2-51C3F5900507}.Debug|Any CPU.Build.0 = Debug|Any CPU
		{934CADEC-BD75-4435-89F2-51C3F5900507}.Release|Any CPU.ActiveCfg = Release|Any CPU
		{934CADEC-BD75-4435-89F2-51C3F5900507}.Release|Any CPU.Build.0 = Release|Any CPU
	EndGlobalSection
	GlobalSection(SolutionProperties) = preSolution
		HideSolutionNode = FALSE
	EndGlobalSection
	GlobalSection(ExtensibilityGlobals) = postSolution
		SolutionGuid = {F7622A37-5C79-49B7-9816-7A6D33FAA637}
	EndGlobalSection
EndGlobal
